
Microsoft Visual Studio Solution File, Format Version 12.00
# Visual Studio Version 17
VisualStudioVersion = 17.1.31911.260
MinimumVisualStudioVersion = 10.0.40219.1
Project("{9A19103F-16F7-4668-BE54-9A1E7A4F7556}") = "01", "src\01\01.csproj", "{E96C48CC-8477-4D80-9C43-C0D3DC43ED73}"
EndProject
Project("{9A19103F-16F7-4668-BE54-9A1E7A4F7556}") = "Common", "src\Common\Common.csproj", "{0FD1897C-15CC-44AE-AA8B-4F510786385B}"
EndProject
Project("{9A19103F-16F7-4668-BE54-9A1E7A4F7556}") = "02", "src\02\02.csproj", "{09056C70-CB88-4611-BB36-9577E1E87870}"
EndProject
Project("{9A19103F-16F7-4668-BE54-9A1E7A4F7556}") = "03", "src\03\03.csproj", "{50396A2A-BDDC-4CBF-AD87-32CAB81ABAE2}"
EndProject
Global
	GlobalSection(SolutionConfigurationPlatforms) = preSolution
		Debug|Any CPU = Debug|Any CPU
		Release|Any CPU = Release|Any CPU
	EndGlobalSection
	GlobalSection(ProjectConfigurationPlatforms) = postSolution
		{E96C48CC-8477-4D80-9C43-C0D3DC43ED73}.Debug|Any CPU.ActiveCfg = Debug|Any CPU
		{E96C48CC-8477-4D80-9C43-C0D3DC43ED73}.Debug|Any CPU.Build.0 = Debug|Any CPU
		{E96C48CC-8477-4D80-9C43-C0D3DC43ED73}.Release|Any CPU.ActiveCfg = Release|Any CPU
		{E96C48CC-8477-4D80-9C43-C0D3DC43ED73}.Release|Any CPU.Build.0 = Release|Any CPU
		{0FD1897C-15CC-44AE-AA8B-4F510786385B}.Debug|Any CPU.ActiveCfg = Debug|Any CPU
		{0FD1897C-15CC-44AE-AA8B-4F510786385B}.Debug|Any CPU.Build.0 = Debug|Any CPU
		{0FD1897C-15CC-44AE-AA8B-4F510786385B}.Release|Any CPU.ActiveCfg = Release|Any CPU
		{0FD1897C-15CC-44AE-AA8B-4F510786385B}.Release|Any CPU.Build.0 = Release|Any CPU
		{09056C70-CB88-4611-BB36-9577E1E87870}.Debug|Any CPU.ActiveCfg = Debug|Any CPU
		{09056C70-CB88-4611-BB36-9577E1E87870}.Debug|Any CPU.Build.0 = Debug|Any CPU
		{09056C70-CB88-4611-BB36-9577E1E87870}.Release|Any CPU.ActiveCfg = Release|Any CPU
		{09056C70-CB88-4611-BB36-9577E1E87870}.Release|Any CPU.Build.0 = Release|Any CPU
		{50396A2A-BDDC-4CBF-AD87-32CAB81ABAE2}.Debug|Any CPU.ActiveCfg = Debug|Any CPU
		{50396A2A-BDDC-4CBF-AD87-32CAB81ABAE2}.Debug|Any CPU.Build.0 = Debug|Any CPU
		{50396A2A-BDDC-4CBF-AD87-32CAB81ABAE2}.Release|Any CPU.ActiveCfg = Release|Any CPU
		{50396A2A-BDDC-4CBF-AD87-32CAB81ABAE2}.Release|Any CPU.Build.0 = Release|Any CPU
	EndGlobalSection
	GlobalSection(SolutionProperties) = preSolution
		HideSolutionNode = FALSE
	EndGlobalSection
	GlobalSection(ExtensibilityGlobals) = postSolution
		SolutionGuid = {F9475105-5079-479E-AF85-EC41E85E69A2}
	EndGlobalSection
EndGlobal
