
Microsoft Visual Studio Solution File, Format Version 12.00
# Visual Studio Version 17
VisualStudioVersion = 17.1.31911.260
MinimumVisualStudioVersion = 10.0.40219.1
Project("{9A19103F-16F7-4668-BE54-9A1E7A4F7556}") = "01", "src\2021\01\01.csproj", "{E96C48CC-8477-4D80-9C43-C0D3DC43ED73}"
EndProject
Project("{9A19103F-16F7-4668-BE54-9A1E7A4F7556}") = "02", "src\2021\02\02.csproj", "{09056C70-CB88-4611-BB36-9577E1E87870}"
EndProject
Project("{9A19103F-16F7-4668-BE54-9A1E7A4F7556}") = "03", "src\2021\03\03.csproj", "{50396A2A-BDDC-4CBF-AD87-32CAB81ABAE2}"
EndProject
Project("{9A19103F-16F7-4668-BE54-9A1E7A4F7556}") = "04", "src\2021\04\04.csproj", "{A812913A-9561-49A4-9917-D2BB537755AE}"
EndProject
Project("{9A19103F-16F7-4668-BE54-9A1E7A4F7556}") = "05", "src\2021\05\05.csproj", "{A0340B09-E6F9-4373-8B43-17736452F8F8}"
EndProject
Project("{9A19103F-16F7-4668-BE54-9A1E7A4F7556}") = "06", "src\2021\06\06.csproj", "{A8B50EFE-C4F5-4A6E-82E3-10A159A174FD}"
EndProject
Project("{9A19103F-16F7-4668-BE54-9A1E7A4F7556}") = "07", "src\2021\07\07.csproj", "{6A1150C9-860F-4E47-BE4B-77F4EDAB7CC8}"
EndProject
Project("{9A19103F-16F7-4668-BE54-9A1E7A4F7556}") = "08", "src\2021\08\08.csproj", "{6A4C9915-D0E8-4734-AFB8-B1B79AAD9900}"
EndProject
Project("{9A19103F-16F7-4668-BE54-9A1E7A4F7556}") = "09", "src\2021\09\09.csproj", "{A0BB8404-9E73-4F88-9BFB-38E7E48EB9F4}"
EndProject
Project("{9A19103F-16F7-4668-BE54-9A1E7A4F7556}") = "10", "src\2021\10\10.csproj", "{530F8383-D104-4853-B805-EE876186F420}"
EndProject
Project("{9A19103F-16F7-4668-BE54-9A1E7A4F7556}") = "11", "src\2021\11\11.csproj", "{D358797F-B7D3-4E73-A8F7-AE03BBB23C6D}"
EndProject
Project("{9A19103F-16F7-4668-BE54-9A1E7A4F7556}") = "12", "src\2021\12\12.csproj", "{5A74BB99-F98C-48E0-967E-C755E83CE982}"
EndProject
Project("{9A19103F-16F7-4668-BE54-9A1E7A4F7556}") = "13", "src\2021\13\13.csproj", "{7BC89536-8288-42D4-9AFE-0FD251E00F12}"
EndProject
Project("{9A19103F-16F7-4668-BE54-9A1E7A4F7556}") = "14", "src\2021\14\14.csproj", "{C9373435-6795-4D6A-B2A7-6B376E4C9EF7}"
EndProject
Project("{9A19103F-16F7-4668-BE54-9A1E7A4F7556}") = "15", "src\2021\15\15.csproj", "{C4FD7D50-7F61-4802-B10C-DF5D1C342B50}"
EndProject
Project("{9A19103F-16F7-4668-BE54-9A1E7A4F7556}") = "16", "src\2021\16\16.csproj", "{D9C989CE-43AB-41C3-94AE-8289603E1F14}"
EndProject
Project("{9A19103F-16F7-4668-BE54-9A1E7A4F7556}") = "17", "src\2021\17\17.csproj", "{18CF3487-C33C-4D65-A45B-229908C63DB6}"
EndProject
Project("{9A19103F-16F7-4668-BE54-9A1E7A4F7556}") = "18", "src\2021\18\18.csproj", "{F9D40106-501D-4F23-A8E8-F259010A3E1E}"
EndProject
Project("{9A19103F-16F7-4668-BE54-9A1E7A4F7556}") = "19", "src\2021\19\19.csproj", "{34DF470F-9BC5-4E47-8DDE-166B9DDF937C}"
EndProject
Project("{9A19103F-16F7-4668-BE54-9A1E7A4F7556}") = "20", "src\2021\20\20.csproj", "{AF9DA1E7-A508-4D3A-97E1-7781E9DF57EF}"
EndProject
Project("{9A19103F-16F7-4668-BE54-9A1E7A4F7556}") = "21", "src\2021\21\21.csproj", "{88D6A3B1-08C3-4610-8FB0-0450F2B2BD0F}"
EndProject
Project("{9A19103F-16F7-4668-BE54-9A1E7A4F7556}") = "22", "src\2021\22\22.csproj", "{B747F625-137E-4327-9D11-86A132B35BC0}"
EndProject
Project("{9A19103F-16F7-4668-BE54-9A1E7A4F7556}") = "23", "src\2021\23\23.csproj", "{4EC262A7-CFB1-43CE-BF6A-6A4F359C6306}"
EndProject
Project("{9A19103F-16F7-4668-BE54-9A1E7A4F7556}") = "24", "src\2021\24\24.csproj", "{CC69563C-4604-45D2-A6AA-A868EC3C673A}"
EndProject
Project("{9A19103F-16F7-4668-BE54-9A1E7A4F7556}") = "25", "src\2021\25\25.csproj", "{98214BD6-0562-4998-8E08-0BFD92373562}"
EndProject
Project("{9A19103F-16F7-4668-BE54-9A1E7A4F7556}") = "Common", "src\Common\Common.csproj", "{0FD1897C-15CC-44AE-AA8B-4F510786385B}"
EndProject
Project("{2150E333-8FDC-42A3-9474-1A3956D46DE8}") = "2021", "2021", "{B7BB5AE9-1A77-40DB-AF99-DAA617DDA0DE}"
EndProject
Project("{2150E333-8FDC-42A3-9474-1A3956D46DE8}") = "2020", "2020", "{162CD95D-48E2-4700-8D19-226267E633D9}"
EndProject
Project("{9A19103F-16F7-4668-BE54-9A1E7A4F7556}") = "01", "src\2020\01\01.csproj", "{907862E9-F279-4D23-A182-95DCFCF2C8A3}"
EndProject
Project("{9A19103F-16F7-4668-BE54-9A1E7A4F7556}") = "02", "src\2020\02\02.csproj", "{56090C70-CB88-4611-BB36-9577E1E87870}"
EndProject
Project("{9A19103F-16F7-4668-BE54-9A1E7A4F7556}") = "03", "src\2020\03\03.csproj", "{96503A2A-BDDC-4CBF-AD87-32CAB81ABAE2}"
EndProject
Project("{9A19103F-16F7-4668-BE54-9A1E7A4F7556}") = "04", "src\2020\04\04.csproj", "{29A8113A-9561-49A4-9917-D2BB537755AE}"
EndProject
Project("{9A19103F-16F7-4668-BE54-9A1E7A4F7556}") = "05", "src\2020\05\05.csproj", "{40A03B09-E6F9-4373-8B43-17736452F8F8}"
EndProject
Project("{9A19103F-16F7-4668-BE54-9A1E7A4F7556}") = "06", "src\2020\06\06.csproj", "{50A8BEFE-C4F5-4A6E-82E3-10A159A174FD}"
EndProject
Project("{9A19103F-16F7-4668-BE54-9A1E7A4F7556}") = "07", "src\2020\07\07.csproj", "{156A10C9-860F-4E47-BE4B-77F4EDAB7CC8}"
EndProject
Project("{9A19103F-16F7-4668-BE54-9A1E7A4F7556}") = "08", "src\2020\08\08.csproj", "{C96A4915-D0E8-4734-AFB8-B1B79AAD9900}"
EndProject
Project("{9A19103F-16F7-4668-BE54-9A1E7A4F7556}") = "09", "src\2020\09\09.csproj", "{B8A0B404-9E73-4F88-9BFB-38E7E48EB9F4}"
EndProject
Project("{9A19103F-16F7-4668-BE54-9A1E7A4F7556}") = "10", "src\2020\10\10.csproj", "{F8530383-D104-4853-B805-EE876186F420}"
EndProject
Project("{9A19103F-16F7-4668-BE54-9A1E7A4F7556}") = "11", "src\2020\11\11.csproj", "{87D3597F-B7D3-4E73-A8F7-AE03BBB23C6D}"
EndProject
Project("{9A19103F-16F7-4668-BE54-9A1E7A4F7556}") = "12", "src\2020\12\12.csproj", "{4B5A7B99-F98C-48E0-967E-C755E83CE982}"
EndProject
Project("{9A19103F-16F7-4668-BE54-9A1E7A4F7556}") = "13", "src\2020\13\13.csproj", "{897BC536-8288-42D4-9AFE-0FD251E00F12}"
EndProject
Project("{9A19103F-16F7-4668-BE54-9A1E7A4F7556}") = "14", "src\2020\14\14.csproj", "{73C93435-6795-4D6A-B2A7-6B376E4C9EF7}"
EndProject
Project("{9A19103F-16F7-4668-BE54-9A1E7A4F7556}") = "15", "src\2020\15\15.csproj", "{D7C4FD50-7F61-4802-B10C-DF5D1C342B50}"
EndProject
Project("{9A19103F-16F7-4668-BE54-9A1E7A4F7556}") = "16", "src\2020\16\16.csproj", "{98D9C9CE-43AB-41C3-94AE-8289603E1F14}"
EndProject
Project("{9A19103F-16F7-4668-BE54-9A1E7A4F7556}") = "17", "src\2020\17\17.csproj", "{F318C487-C33C-4D65-A45B-229908C63DB6}"
EndProject
Project("{9A19103F-16F7-4668-BE54-9A1E7A4F7556}") = "18", "src\2020\18\18.csproj", "{40F9D106-501D-4F23-A8E8-F259010A3E1E}"
EndProject
Project("{9A19103F-16F7-4668-BE54-9A1E7A4F7556}") = "19", "src\2020\19\19.csproj", "{F434D70F-9BC5-4E47-8DDE-166B9DDF937C}"
EndProject
Project("{9A19103F-16F7-4668-BE54-9A1E7A4F7556}") = "20", "src\2020\20\20.csproj", "{DAAF91E7-A508-4D3A-97E1-7781E9DF57EF}"
EndProject
Project("{9A19103F-16F7-4668-BE54-9A1E7A4F7556}") = "21", "src\2020\21\21.csproj", "{6A88D3B1-08C3-4610-8FB0-0450F2B2BD0F}"
EndProject
Project("{9A19103F-16F7-4668-BE54-9A1E7A4F7556}") = "22", "src\2020\22\22.csproj", "{7FB74625-137E-4327-9D11-86A132B35BC0}"
EndProject
Project("{9A19103F-16F7-4668-BE54-9A1E7A4F7556}") = "23", "src\2020\23\23.csproj", "{264EC2A7-CFB1-43CE-BF6A-6A4F359C6306}"
EndProject
Project("{9A19103F-16F7-4668-BE54-9A1E7A4F7556}") = "24", "src\2020\24\24.csproj", "{95CC663C-4604-45D2-A6AA-A868EC3C673A}"
EndProject
Project("{9A19103F-16F7-4668-BE54-9A1E7A4F7556}") = "25", "src\2020\25\25.csproj", "{14982BD6-0562-4998-8E08-0BFD92373562}"
EndProject
Global
	GlobalSection(SolutionConfigurationPlatforms) = preSolution
		Debug|Any CPU = Debug|Any CPU
		Release|Any CPU = Release|Any CPU
	EndGlobalSection
	GlobalSection(ProjectConfigurationPlatforms) = postSolution
		{E96C48CC-8477-4D80-9C43-C0D3DC43ED73}.Debug|Any CPU.ActiveCfg = Debug|Any CPU
		{E96C48CC-8477-4D80-9C43-C0D3DC43ED73}.Debug|Any CPU.Build.0 = Debug|Any CPU
		{E96C48CC-8477-4D80-9C43-C0D3DC43ED73}.Release|Any CPU.ActiveCfg = Release|Any CPU
		{E96C48CC-8477-4D80-9C43-C0D3DC43ED73}.Release|Any CPU.Build.0 = Release|Any CPU
		{09056C70-CB88-4611-BB36-9577E1E87870}.Debug|Any CPU.ActiveCfg = Debug|Any CPU
		{09056C70-CB88-4611-BB36-9577E1E87870}.Debug|Any CPU.Build.0 = Debug|Any CPU
		{09056C70-CB88-4611-BB36-9577E1E87870}.Release|Any CPU.ActiveCfg = Release|Any CPU
		{09056C70-CB88-4611-BB36-9577E1E87870}.Release|Any CPU.Build.0 = Release|Any CPU
		{50396A2A-BDDC-4CBF-AD87-32CAB81ABAE2}.Debug|Any CPU.ActiveCfg = Debug|Any CPU
		{50396A2A-BDDC-4CBF-AD87-32CAB81ABAE2}.Debug|Any CPU.Build.0 = Debug|Any CPU
		{50396A2A-BDDC-4CBF-AD87-32CAB81ABAE2}.Release|Any CPU.ActiveCfg = Release|Any CPU
		{50396A2A-BDDC-4CBF-AD87-32CAB81ABAE2}.Release|Any CPU.Build.0 = Release|Any CPU
		{A812913A-9561-49A4-9917-D2BB537755AE}.Debug|Any CPU.ActiveCfg = Debug|Any CPU
		{A812913A-9561-49A4-9917-D2BB537755AE}.Debug|Any CPU.Build.0 = Debug|Any CPU
		{A812913A-9561-49A4-9917-D2BB537755AE}.Release|Any CPU.ActiveCfg = Release|Any CPU
		{A812913A-9561-49A4-9917-D2BB537755AE}.Release|Any CPU.Build.0 = Release|Any CPU
		{A0340B09-E6F9-4373-8B43-17736452F8F8}.Debug|Any CPU.ActiveCfg = Debug|Any CPU
		{A0340B09-E6F9-4373-8B43-17736452F8F8}.Debug|Any CPU.Build.0 = Debug|Any CPU
		{A0340B09-E6F9-4373-8B43-17736452F8F8}.Release|Any CPU.ActiveCfg = Release|Any CPU
		{A0340B09-E6F9-4373-8B43-17736452F8F8}.Release|Any CPU.Build.0 = Release|Any CPU
		{A8B50EFE-C4F5-4A6E-82E3-10A159A174FD}.Debug|Any CPU.ActiveCfg = Debug|Any CPU
		{A8B50EFE-C4F5-4A6E-82E3-10A159A174FD}.Debug|Any CPU.Build.0 = Debug|Any CPU
		{A8B50EFE-C4F5-4A6E-82E3-10A159A174FD}.Release|Any CPU.ActiveCfg = Release|Any CPU
		{A8B50EFE-C4F5-4A6E-82E3-10A159A174FD}.Release|Any CPU.Build.0 = Release|Any CPU
		{6A1150C9-860F-4E47-BE4B-77F4EDAB7CC8}.Debug|Any CPU.ActiveCfg = Debug|Any CPU
		{6A1150C9-860F-4E47-BE4B-77F4EDAB7CC8}.Debug|Any CPU.Build.0 = Debug|Any CPU
		{6A1150C9-860F-4E47-BE4B-77F4EDAB7CC8}.Release|Any CPU.ActiveCfg = Release|Any CPU
		{6A1150C9-860F-4E47-BE4B-77F4EDAB7CC8}.Release|Any CPU.Build.0 = Release|Any CPU
		{6A4C9915-D0E8-4734-AFB8-B1B79AAD9900}.Debug|Any CPU.ActiveCfg = Debug|Any CPU
		{6A4C9915-D0E8-4734-AFB8-B1B79AAD9900}.Debug|Any CPU.Build.0 = Debug|Any CPU
		{6A4C9915-D0E8-4734-AFB8-B1B79AAD9900}.Release|Any CPU.ActiveCfg = Release|Any CPU
		{6A4C9915-D0E8-4734-AFB8-B1B79AAD9900}.Release|Any CPU.Build.0 = Release|Any CPU
		{A0BB8404-9E73-4F88-9BFB-38E7E48EB9F4}.Debug|Any CPU.ActiveCfg = Debug|Any CPU
		{A0BB8404-9E73-4F88-9BFB-38E7E48EB9F4}.Debug|Any CPU.Build.0 = Debug|Any CPU
		{A0BB8404-9E73-4F88-9BFB-38E7E48EB9F4}.Release|Any CPU.ActiveCfg = Release|Any CPU
		{A0BB8404-9E73-4F88-9BFB-38E7E48EB9F4}.Release|Any CPU.Build.0 = Release|Any CPU
		{530F8383-D104-4853-B805-EE876186F420}.Debug|Any CPU.ActiveCfg = Debug|Any CPU
		{530F8383-D104-4853-B805-EE876186F420}.Debug|Any CPU.Build.0 = Debug|Any CPU
		{530F8383-D104-4853-B805-EE876186F420}.Release|Any CPU.ActiveCfg = Release|Any CPU
		{530F8383-D104-4853-B805-EE876186F420}.Release|Any CPU.Build.0 = Release|Any CPU
		{D358797F-B7D3-4E73-A8F7-AE03BBB23C6D}.Debug|Any CPU.ActiveCfg = Debug|Any CPU
		{D358797F-B7D3-4E73-A8F7-AE03BBB23C6D}.Debug|Any CPU.Build.0 = Debug|Any CPU
		{D358797F-B7D3-4E73-A8F7-AE03BBB23C6D}.Release|Any CPU.ActiveCfg = Release|Any CPU
		{D358797F-B7D3-4E73-A8F7-AE03BBB23C6D}.Release|Any CPU.Build.0 = Release|Any CPU
		{5A74BB99-F98C-48E0-967E-C755E83CE982}.Debug|Any CPU.ActiveCfg = Debug|Any CPU
		{5A74BB99-F98C-48E0-967E-C755E83CE982}.Debug|Any CPU.Build.0 = Debug|Any CPU
		{5A74BB99-F98C-48E0-967E-C755E83CE982}.Release|Any CPU.ActiveCfg = Release|Any CPU
		{5A74BB99-F98C-48E0-967E-C755E83CE982}.Release|Any CPU.Build.0 = Release|Any CPU
		{7BC89536-8288-42D4-9AFE-0FD251E00F12}.Debug|Any CPU.ActiveCfg = Debug|Any CPU
		{7BC89536-8288-42D4-9AFE-0FD251E00F12}.Debug|Any CPU.Build.0 = Debug|Any CPU
		{7BC89536-8288-42D4-9AFE-0FD251E00F12}.Release|Any CPU.ActiveCfg = Release|Any CPU
		{7BC89536-8288-42D4-9AFE-0FD251E00F12}.Release|Any CPU.Build.0 = Release|Any CPU
		{C9373435-6795-4D6A-B2A7-6B376E4C9EF7}.Debug|Any CPU.ActiveCfg = Debug|Any CPU
		{C9373435-6795-4D6A-B2A7-6B376E4C9EF7}.Debug|Any CPU.Build.0 = Debug|Any CPU
		{C9373435-6795-4D6A-B2A7-6B376E4C9EF7}.Release|Any CPU.ActiveCfg = Release|Any CPU
		{C9373435-6795-4D6A-B2A7-6B376E4C9EF7}.Release|Any CPU.Build.0 = Release|Any CPU
		{C4FD7D50-7F61-4802-B10C-DF5D1C342B50}.Debug|Any CPU.ActiveCfg = Debug|Any CPU
		{C4FD7D50-7F61-4802-B10C-DF5D1C342B50}.Debug|Any CPU.Build.0 = Debug|Any CPU
		{C4FD7D50-7F61-4802-B10C-DF5D1C342B50}.Release|Any CPU.ActiveCfg = Release|Any CPU
		{C4FD7D50-7F61-4802-B10C-DF5D1C342B50}.Release|Any CPU.Build.0 = Release|Any CPU
		{D9C989CE-43AB-41C3-94AE-8289603E1F14}.Debug|Any CPU.ActiveCfg = Debug|Any CPU
		{D9C989CE-43AB-41C3-94AE-8289603E1F14}.Debug|Any CPU.Build.0 = Debug|Any CPU
		{D9C989CE-43AB-41C3-94AE-8289603E1F14}.Release|Any CPU.ActiveCfg = Release|Any CPU
		{D9C989CE-43AB-41C3-94AE-8289603E1F14}.Release|Any CPU.Build.0 = Release|Any CPU
		{18CF3487-C33C-4D65-A45B-229908C63DB6}.Debug|Any CPU.ActiveCfg = Debug|Any CPU
		{18CF3487-C33C-4D65-A45B-229908C63DB6}.Debug|Any CPU.Build.0 = Debug|Any CPU
		{18CF3487-C33C-4D65-A45B-229908C63DB6}.Release|Any CPU.ActiveCfg = Release|Any CPU
		{18CF3487-C33C-4D65-A45B-229908C63DB6}.Release|Any CPU.Build.0 = Release|Any CPU
		{F9D40106-501D-4F23-A8E8-F259010A3E1E}.Debug|Any CPU.ActiveCfg = Debug|Any CPU
		{F9D40106-501D-4F23-A8E8-F259010A3E1E}.Debug|Any CPU.Build.0 = Debug|Any CPU
		{F9D40106-501D-4F23-A8E8-F259010A3E1E}.Release|Any CPU.ActiveCfg = Release|Any CPU
		{F9D40106-501D-4F23-A8E8-F259010A3E1E}.Release|Any CPU.Build.0 = Release|Any CPU
		{34DF470F-9BC5-4E47-8DDE-166B9DDF937C}.Debug|Any CPU.ActiveCfg = Debug|Any CPU
		{34DF470F-9BC5-4E47-8DDE-166B9DDF937C}.Debug|Any CPU.Build.0 = Debug|Any CPU
		{34DF470F-9BC5-4E47-8DDE-166B9DDF937C}.Release|Any CPU.ActiveCfg = Release|Any CPU
		{34DF470F-9BC5-4E47-8DDE-166B9DDF937C}.Release|Any CPU.Build.0 = Release|Any CPU
		{AF9DA1E7-A508-4D3A-97E1-7781E9DF57EF}.Debug|Any CPU.ActiveCfg = Debug|Any CPU
		{AF9DA1E7-A508-4D3A-97E1-7781E9DF57EF}.Debug|Any CPU.Build.0 = Debug|Any CPU
		{AF9DA1E7-A508-4D3A-97E1-7781E9DF57EF}.Release|Any CPU.ActiveCfg = Release|Any CPU
		{AF9DA1E7-A508-4D3A-97E1-7781E9DF57EF}.Release|Any CPU.Build.0 = Release|Any CPU
		{88D6A3B1-08C3-4610-8FB0-0450F2B2BD0F}.Debug|Any CPU.ActiveCfg = Debug|Any CPU
		{88D6A3B1-08C3-4610-8FB0-0450F2B2BD0F}.Debug|Any CPU.Build.0 = Debug|Any CPU
		{88D6A3B1-08C3-4610-8FB0-0450F2B2BD0F}.Release|Any CPU.ActiveCfg = Release|Any CPU
		{88D6A3B1-08C3-4610-8FB0-0450F2B2BD0F}.Release|Any CPU.Build.0 = Release|Any CPU
		{B747F625-137E-4327-9D11-86A132B35BC0}.Debug|Any CPU.ActiveCfg = Debug|Any CPU
		{B747F625-137E-4327-9D11-86A132B35BC0}.Debug|Any CPU.Build.0 = Debug|Any CPU
		{B747F625-137E-4327-9D11-86A132B35BC0}.Release|Any CPU.ActiveCfg = Release|Any CPU
		{B747F625-137E-4327-9D11-86A132B35BC0}.Release|Any CPU.Build.0 = Release|Any CPU
		{4EC262A7-CFB1-43CE-BF6A-6A4F359C6306}.Debug|Any CPU.ActiveCfg = Debug|Any CPU
		{4EC262A7-CFB1-43CE-BF6A-6A4F359C6306}.Debug|Any CPU.Build.0 = Debug|Any CPU
		{4EC262A7-CFB1-43CE-BF6A-6A4F359C6306}.Release|Any CPU.ActiveCfg = Release|Any CPU
		{4EC262A7-CFB1-43CE-BF6A-6A4F359C6306}.Release|Any CPU.Build.0 = Release|Any CPU
		{CC69563C-4604-45D2-A6AA-A868EC3C673A}.Debug|Any CPU.ActiveCfg = Debug|Any CPU
		{CC69563C-4604-45D2-A6AA-A868EC3C673A}.Debug|Any CPU.Build.0 = Debug|Any CPU
		{CC69563C-4604-45D2-A6AA-A868EC3C673A}.Release|Any CPU.ActiveCfg = Release|Any CPU
		{CC69563C-4604-45D2-A6AA-A868EC3C673A}.Release|Any CPU.Build.0 = Release|Any CPU
		{98214BD6-0562-4998-8E08-0BFD92373562}.Debug|Any CPU.ActiveCfg = Debug|Any CPU
		{98214BD6-0562-4998-8E08-0BFD92373562}.Debug|Any CPU.Build.0 = Debug|Any CPU
		{98214BD6-0562-4998-8E08-0BFD92373562}.Release|Any CPU.ActiveCfg = Release|Any CPU
		{98214BD6-0562-4998-8E08-0BFD92373562}.Release|Any CPU.Build.0 = Release|Any CPU
		{0FD1897C-15CC-44AE-AA8B-4F510786385B}.Debug|Any CPU.ActiveCfg = Debug|Any CPU
		{0FD1897C-15CC-44AE-AA8B-4F510786385B}.Debug|Any CPU.Build.0 = Debug|Any CPU
		{0FD1897C-15CC-44AE-AA8B-4F510786385B}.Release|Any CPU.ActiveCfg = Release|Any CPU
		{0FD1897C-15CC-44AE-AA8B-4F510786385B}.Release|Any CPU.Build.0 = Release|Any CPU
		{907862E9-F279-4D23-A182-95DCFCF2C8A3}.Debug|Any CPU.ActiveCfg = Debug|Any CPU
		{907862E9-F279-4D23-A182-95DCFCF2C8A3}.Debug|Any CPU.Build.0 = Debug|Any CPU
		{907862E9-F279-4D23-A182-95DCFCF2C8A3}.Release|Any CPU.ActiveCfg = Release|Any CPU
		{907862E9-F279-4D23-A182-95DCFCF2C8A3}.Release|Any CPU.Build.0 = Release|Any CPU
		{56090C70-CB88-4611-BB36-9577E1E87870}.Debug|Any CPU.ActiveCfg = Debug|Any CPU
		{56090C70-CB88-4611-BB36-9577E1E87870}.Debug|Any CPU.Build.0 = Debug|Any CPU
		{56090C70-CB88-4611-BB36-9577E1E87870}.Release|Any CPU.ActiveCfg = Release|Any CPU
		{56090C70-CB88-4611-BB36-9577E1E87870}.Release|Any CPU.Build.0 = Release|Any CPU
		{96503A2A-BDDC-4CBF-AD87-32CAB81ABAE2}.Debug|Any CPU.ActiveCfg = Debug|Any CPU
		{96503A2A-BDDC-4CBF-AD87-32CAB81ABAE2}.Debug|Any CPU.Build.0 = Debug|Any CPU
		{96503A2A-BDDC-4CBF-AD87-32CAB81ABAE2}.Release|Any CPU.ActiveCfg = Release|Any CPU
		{96503A2A-BDDC-4CBF-AD87-32CAB81ABAE2}.Release|Any CPU.Build.0 = Release|Any CPU
		{29A8113A-9561-49A4-9917-D2BB537755AE}.Debug|Any CPU.ActiveCfg = Debug|Any CPU
		{29A8113A-9561-49A4-9917-D2BB537755AE}.Debug|Any CPU.Build.0 = Debug|Any CPU
		{29A8113A-9561-49A4-9917-D2BB537755AE}.Release|Any CPU.ActiveCfg = Release|Any CPU
		{29A8113A-9561-49A4-9917-D2BB537755AE}.Release|Any CPU.Build.0 = Release|Any CPU
		{40A03B09-E6F9-4373-8B43-17736452F8F8}.Debug|Any CPU.ActiveCfg = Debug|Any CPU
		{40A03B09-E6F9-4373-8B43-17736452F8F8}.Debug|Any CPU.Build.0 = Debug|Any CPU
		{40A03B09-E6F9-4373-8B43-17736452F8F8}.Release|Any CPU.ActiveCfg = Release|Any CPU
		{40A03B09-E6F9-4373-8B43-17736452F8F8}.Release|Any CPU.Build.0 = Release|Any CPU
		{50A8BEFE-C4F5-4A6E-82E3-10A159A174FD}.Debug|Any CPU.ActiveCfg = Debug|Any CPU
		{50A8BEFE-C4F5-4A6E-82E3-10A159A174FD}.Debug|Any CPU.Build.0 = Debug|Any CPU
		{50A8BEFE-C4F5-4A6E-82E3-10A159A174FD}.Release|Any CPU.ActiveCfg = Release|Any CPU
		{50A8BEFE-C4F5-4A6E-82E3-10A159A174FD}.Release|Any CPU.Build.0 = Release|Any CPU
		{156A10C9-860F-4E47-BE4B-77F4EDAB7CC8}.Debug|Any CPU.ActiveCfg = Debug|Any CPU
		{156A10C9-860F-4E47-BE4B-77F4EDAB7CC8}.Debug|Any CPU.Build.0 = Debug|Any CPU
		{156A10C9-860F-4E47-BE4B-77F4EDAB7CC8}.Release|Any CPU.ActiveCfg = Release|Any CPU
		{156A10C9-860F-4E47-BE4B-77F4EDAB7CC8}.Release|Any CPU.Build.0 = Release|Any CPU
		{C96A4915-D0E8-4734-AFB8-B1B79AAD9900}.Debug|Any CPU.ActiveCfg = Debug|Any CPU
		{C96A4915-D0E8-4734-AFB8-B1B79AAD9900}.Debug|Any CPU.Build.0 = Debug|Any CPU
		{C96A4915-D0E8-4734-AFB8-B1B79AAD9900}.Release|Any CPU.ActiveCfg = Release|Any CPU
		{C96A4915-D0E8-4734-AFB8-B1B79AAD9900}.Release|Any CPU.Build.0 = Release|Any CPU
		{B8A0B404-9E73-4F88-9BFB-38E7E48EB9F4}.Debug|Any CPU.ActiveCfg = Debug|Any CPU
		{B8A0B404-9E73-4F88-9BFB-38E7E48EB9F4}.Debug|Any CPU.Build.0 = Debug|Any CPU
		{B8A0B404-9E73-4F88-9BFB-38E7E48EB9F4}.Release|Any CPU.ActiveCfg = Release|Any CPU
		{B8A0B404-9E73-4F88-9BFB-38E7E48EB9F4}.Release|Any CPU.Build.0 = Release|Any CPU
		{F8530383-D104-4853-B805-EE876186F420}.Debug|Any CPU.ActiveCfg = Debug|Any CPU
		{F8530383-D104-4853-B805-EE876186F420}.Debug|Any CPU.Build.0 = Debug|Any CPU
		{F8530383-D104-4853-B805-EE876186F420}.Release|Any CPU.ActiveCfg = Release|Any CPU
		{F8530383-D104-4853-B805-EE876186F420}.Release|Any CPU.Build.0 = Release|Any CPU
		{87D3597F-B7D3-4E73-A8F7-AE03BBB23C6D}.Debug|Any CPU.ActiveCfg = Debug|Any CPU
		{87D3597F-B7D3-4E73-A8F7-AE03BBB23C6D}.Debug|Any CPU.Build.0 = Debug|Any CPU
		{87D3597F-B7D3-4E73-A8F7-AE03BBB23C6D}.Release|Any CPU.ActiveCfg = Release|Any CPU
		{87D3597F-B7D3-4E73-A8F7-AE03BBB23C6D}.Release|Any CPU.Build.0 = Release|Any CPU
		{4B5A7B99-F98C-48E0-967E-C755E83CE982}.Debug|Any CPU.ActiveCfg = Debug|Any CPU
		{4B5A7B99-F98C-48E0-967E-C755E83CE982}.Debug|Any CPU.Build.0 = Debug|Any CPU
		{4B5A7B99-F98C-48E0-967E-C755E83CE982}.Release|Any CPU.ActiveCfg = Release|Any CPU
		{4B5A7B99-F98C-48E0-967E-C755E83CE982}.Release|Any CPU.Build.0 = Release|Any CPU
		{897BC536-8288-42D4-9AFE-0FD251E00F12}.Debug|Any CPU.ActiveCfg = Debug|Any CPU
		{897BC536-8288-42D4-9AFE-0FD251E00F12}.Debug|Any CPU.Build.0 = Debug|Any CPU
		{897BC536-8288-42D4-9AFE-0FD251E00F12}.Release|Any CPU.ActiveCfg = Release|Any CPU
		{897BC536-8288-42D4-9AFE-0FD251E00F12}.Release|Any CPU.Build.0 = Release|Any CPU
		{73C93435-6795-4D6A-B2A7-6B376E4C9EF7}.Debug|Any CPU.ActiveCfg = Debug|Any CPU
		{73C93435-6795-4D6A-B2A7-6B376E4C9EF7}.Debug|Any CPU.Build.0 = Debug|Any CPU
		{73C93435-6795-4D6A-B2A7-6B376E4C9EF7}.Release|Any CPU.ActiveCfg = Release|Any CPU
		{73C93435-6795-4D6A-B2A7-6B376E4C9EF7}.Release|Any CPU.Build.0 = Release|Any CPU
		{D7C4FD50-7F61-4802-B10C-DF5D1C342B50}.Debug|Any CPU.ActiveCfg = Debug|Any CPU
		{D7C4FD50-7F61-4802-B10C-DF5D1C342B50}.Debug|Any CPU.Build.0 = Debug|Any CPU
		{D7C4FD50-7F61-4802-B10C-DF5D1C342B50}.Release|Any CPU.ActiveCfg = Release|Any CPU
		{D7C4FD50-7F61-4802-B10C-DF5D1C342B50}.Release|Any CPU.Build.0 = Release|Any CPU
		{98D9C9CE-43AB-41C3-94AE-8289603E1F14}.Debug|Any CPU.ActiveCfg = Debug|Any CPU
		{98D9C9CE-43AB-41C3-94AE-8289603E1F14}.Debug|Any CPU.Build.0 = Debug|Any CPU
		{98D9C9CE-43AB-41C3-94AE-8289603E1F14}.Release|Any CPU.ActiveCfg = Release|Any CPU
		{98D9C9CE-43AB-41C3-94AE-8289603E1F14}.Release|Any CPU.Build.0 = Release|Any CPU
		{F318C487-C33C-4D65-A45B-229908C63DB6}.Debug|Any CPU.ActiveCfg = Debug|Any CPU
		{F318C487-C33C-4D65-A45B-229908C63DB6}.Debug|Any CPU.Build.0 = Debug|Any CPU
		{F318C487-C33C-4D65-A45B-229908C63DB6}.Release|Any CPU.ActiveCfg = Release|Any CPU
		{F318C487-C33C-4D65-A45B-229908C63DB6}.Release|Any CPU.Build.0 = Release|Any CPU
		{40F9D106-501D-4F23-A8E8-F259010A3E1E}.Debug|Any CPU.ActiveCfg = Debug|Any CPU
		{40F9D106-501D-4F23-A8E8-F259010A3E1E}.Debug|Any CPU.Build.0 = Debug|Any CPU
		{40F9D106-501D-4F23-A8E8-F259010A3E1E}.Release|Any CPU.ActiveCfg = Release|Any CPU
		{40F9D106-501D-4F23-A8E8-F259010A3E1E}.Release|Any CPU.Build.0 = Release|Any CPU
		{F434D70F-9BC5-4E47-8DDE-166B9DDF937C}.Debug|Any CPU.ActiveCfg = Debug|Any CPU
		{F434D70F-9BC5-4E47-8DDE-166B9DDF937C}.Debug|Any CPU.Build.0 = Debug|Any CPU
		{F434D70F-9BC5-4E47-8DDE-166B9DDF937C}.Release|Any CPU.ActiveCfg = Release|Any CPU
		{F434D70F-9BC5-4E47-8DDE-166B9DDF937C}.Release|Any CPU.Build.0 = Release|Any CPU
		{DAAF91E7-A508-4D3A-97E1-7781E9DF57EF}.Debug|Any CPU.ActiveCfg = Debug|Any CPU
		{DAAF91E7-A508-4D3A-97E1-7781E9DF57EF}.Debug|Any CPU.Build.0 = Debug|Any CPU
		{DAAF91E7-A508-4D3A-97E1-7781E9DF57EF}.Release|Any CPU.ActiveCfg = Release|Any CPU
		{DAAF91E7-A508-4D3A-97E1-7781E9DF57EF}.Release|Any CPU.Build.0 = Release|Any CPU
		{6A88D3B1-08C3-4610-8FB0-0450F2B2BD0F}.Debug|Any CPU.ActiveCfg = Debug|Any CPU
		{6A88D3B1-08C3-4610-8FB0-0450F2B2BD0F}.Debug|Any CPU.Build.0 = Debug|Any CPU
		{6A88D3B1-08C3-4610-8FB0-0450F2B2BD0F}.Release|Any CPU.ActiveCfg = Release|Any CPU
		{6A88D3B1-08C3-4610-8FB0-0450F2B2BD0F}.Release|Any CPU.Build.0 = Release|Any CPU
		{7FB74625-137E-4327-9D11-86A132B35BC0}.Debug|Any CPU.ActiveCfg = Debug|Any CPU
		{7FB74625-137E-4327-9D11-86A132B35BC0}.Debug|Any CPU.Build.0 = Debug|Any CPU
		{7FB74625-137E-4327-9D11-86A132B35BC0}.Release|Any CPU.ActiveCfg = Release|Any CPU
		{7FB74625-137E-4327-9D11-86A132B35BC0}.Release|Any CPU.Build.0 = Release|Any CPU
		{264EC2A7-CFB1-43CE-BF6A-6A4F359C6306}.Debug|Any CPU.ActiveCfg = Debug|Any CPU
		{264EC2A7-CFB1-43CE-BF6A-6A4F359C6306}.Debug|Any CPU.Build.0 = Debug|Any CPU
		{264EC2A7-CFB1-43CE-BF6A-6A4F359C6306}.Release|Any CPU.ActiveCfg = Release|Any CPU
		{264EC2A7-CFB1-43CE-BF6A-6A4F359C6306}.Release|Any CPU.Build.0 = Release|Any CPU
		{95CC663C-4604-45D2-A6AA-A868EC3C673A}.Debug|Any CPU.ActiveCfg = Debug|Any CPU
		{95CC663C-4604-45D2-A6AA-A868EC3C673A}.Debug|Any CPU.Build.0 = Debug|Any CPU
		{95CC663C-4604-45D2-A6AA-A868EC3C673A}.Release|Any CPU.ActiveCfg = Release|Any CPU
		{95CC663C-4604-45D2-A6AA-A868EC3C673A}.Release|Any CPU.Build.0 = Release|Any CPU
		{14982BD6-0562-4998-8E08-0BFD92373562}.Debug|Any CPU.ActiveCfg = Debug|Any CPU
		{14982BD6-0562-4998-8E08-0BFD92373562}.Debug|Any CPU.Build.0 = Debug|Any CPU
		{14982BD6-0562-4998-8E08-0BFD92373562}.Release|Any CPU.ActiveCfg = Release|Any CPU
		{14982BD6-0562-4998-8E08-0BFD92373562}.Release|Any CPU.Build.0 = Release|Any CPU
	EndGlobalSection
	GlobalSection(SolutionProperties) = preSolution
		HideSolutionNode = FALSE
	EndGlobalSection
	GlobalSection(NestedProjects) = preSolution
		{E96C48CC-8477-4D80-9C43-C0D3DC43ED73} = {B7BB5AE9-1A77-40DB-AF99-DAA617DDA0DE}
		{09056C70-CB88-4611-BB36-9577E1E87870} = {B7BB5AE9-1A77-40DB-AF99-DAA617DDA0DE}
		{50396A2A-BDDC-4CBF-AD87-32CAB81ABAE2} = {B7BB5AE9-1A77-40DB-AF99-DAA617DDA0DE}
		{A812913A-9561-49A4-9917-D2BB537755AE} = {B7BB5AE9-1A77-40DB-AF99-DAA617DDA0DE}
		{A0340B09-E6F9-4373-8B43-17736452F8F8} = {B7BB5AE9-1A77-40DB-AF99-DAA617DDA0DE}
		{A8B50EFE-C4F5-4A6E-82E3-10A159A174FD} = {B7BB5AE9-1A77-40DB-AF99-DAA617DDA0DE}
		{6A1150C9-860F-4E47-BE4B-77F4EDAB7CC8} = {B7BB5AE9-1A77-40DB-AF99-DAA617DDA0DE}
		{6A4C9915-D0E8-4734-AFB8-B1B79AAD9900} = {B7BB5AE9-1A77-40DB-AF99-DAA617DDA0DE}
		{A0BB8404-9E73-4F88-9BFB-38E7E48EB9F4} = {B7BB5AE9-1A77-40DB-AF99-DAA617DDA0DE}
		{530F8383-D104-4853-B805-EE876186F420} = {B7BB5AE9-1A77-40DB-AF99-DAA617DDA0DE}
		{D358797F-B7D3-4E73-A8F7-AE03BBB23C6D} = {B7BB5AE9-1A77-40DB-AF99-DAA617DDA0DE}
		{5A74BB99-F98C-48E0-967E-C755E83CE982} = {B7BB5AE9-1A77-40DB-AF99-DAA617DDA0DE}
		{7BC89536-8288-42D4-9AFE-0FD251E00F12} = {B7BB5AE9-1A77-40DB-AF99-DAA617DDA0DE}
		{C9373435-6795-4D6A-B2A7-6B376E4C9EF7} = {B7BB5AE9-1A77-40DB-AF99-DAA617DDA0DE}
		{C4FD7D50-7F61-4802-B10C-DF5D1C342B50} = {B7BB5AE9-1A77-40DB-AF99-DAA617DDA0DE}
		{D9C989CE-43AB-41C3-94AE-8289603E1F14} = {B7BB5AE9-1A77-40DB-AF99-DAA617DDA0DE}
		{18CF3487-C33C-4D65-A45B-229908C63DB6} = {B7BB5AE9-1A77-40DB-AF99-DAA617DDA0DE}
		{F9D40106-501D-4F23-A8E8-F259010A3E1E} = {B7BB5AE9-1A77-40DB-AF99-DAA617DDA0DE}
		{34DF470F-9BC5-4E47-8DDE-166B9DDF937C} = {B7BB5AE9-1A77-40DB-AF99-DAA617DDA0DE}
		{AF9DA1E7-A508-4D3A-97E1-7781E9DF57EF} = {B7BB5AE9-1A77-40DB-AF99-DAA617DDA0DE}
		{88D6A3B1-08C3-4610-8FB0-0450F2B2BD0F} = {B7BB5AE9-1A77-40DB-AF99-DAA617DDA0DE}
		{B747F625-137E-4327-9D11-86A132B35BC0} = {B7BB5AE9-1A77-40DB-AF99-DAA617DDA0DE}
		{4EC262A7-CFB1-43CE-BF6A-6A4F359C6306} = {B7BB5AE9-1A77-40DB-AF99-DAA617DDA0DE}
		{CC69563C-4604-45D2-A6AA-A868EC3C673A} = {B7BB5AE9-1A77-40DB-AF99-DAA617DDA0DE}
		{98214BD6-0562-4998-8E08-0BFD92373562} = {B7BB5AE9-1A77-40DB-AF99-DAA617DDA0DE}
		{907862E9-F279-4D23-A182-95DCFCF2C8A3} = {162CD95D-48E2-4700-8D19-226267E633D9}
		{56090C70-CB88-4611-BB36-9577E1E87870} = {162CD95D-48E2-4700-8D19-226267E633D9}
		{96503A2A-BDDC-4CBF-AD87-32CAB81ABAE2} = {162CD95D-48E2-4700-8D19-226267E633D9}
		{29A8113A-9561-49A4-9917-D2BB537755AE} = {162CD95D-48E2-4700-8D19-226267E633D9}
		{40A03B09-E6F9-4373-8B43-17736452F8F8} = {162CD95D-48E2-4700-8D19-226267E633D9}
		{50A8BEFE-C4F5-4A6E-82E3-10A159A174FD} = {162CD95D-48E2-4700-8D19-226267E633D9}
		{156A10C9-860F-4E47-BE4B-77F4EDAB7CC8} = {162CD95D-48E2-4700-8D19-226267E633D9}
		{C96A4915-D0E8-4734-AFB8-B1B79AAD9900} = {162CD95D-48E2-4700-8D19-226267E633D9}
		{B8A0B404-9E73-4F88-9BFB-38E7E48EB9F4} = {162CD95D-48E2-4700-8D19-226267E633D9}
		{F8530383-D104-4853-B805-EE876186F420} = {162CD95D-48E2-4700-8D19-226267E633D9}
		{87D3597F-B7D3-4E73-A8F7-AE03BBB23C6D} = {162CD95D-48E2-4700-8D19-226267E633D9}
		{4B5A7B99-F98C-48E0-967E-C755E83CE982} = {162CD95D-48E2-4700-8D19-226267E633D9}
		{897BC536-8288-42D4-9AFE-0FD251E00F12} = {162CD95D-48E2-4700-8D19-226267E633D9}
		{73C93435-6795-4D6A-B2A7-6B376E4C9EF7} = {162CD95D-48E2-4700-8D19-226267E633D9}
		{D7C4FD50-7F61-4802-B10C-DF5D1C342B50} = {162CD95D-48E2-4700-8D19-226267E633D9}
		{98D9C9CE-43AB-41C3-94AE-8289603E1F14} = {162CD95D-48E2-4700-8D19-226267E633D9}
		{F318C487-C33C-4D65-A45B-229908C63DB6} = {162CD95D-48E2-4700-8D19-226267E633D9}
		{40F9D106-501D-4F23-A8E8-F259010A3E1E} = {162CD95D-48E2-4700-8D19-226267E633D9}
		{F434D70F-9BC5-4E47-8DDE-166B9DDF937C} = {162CD95D-48E2-4700-8D19-226267E633D9}
		{DAAF91E7-A508-4D3A-97E1-7781E9DF57EF} = {162CD95D-48E2-4700-8D19-226267E633D9}
		{6A88D3B1-08C3-4610-8FB0-0450F2B2BD0F} = {162CD95D-48E2-4700-8D19-226267E633D9}
		{7FB74625-137E-4327-9D11-86A132B35BC0} = {162CD95D-48E2-4700-8D19-226267E633D9}
		{264EC2A7-CFB1-43CE-BF6A-6A4F359C6306} = {162CD95D-48E2-4700-8D19-226267E633D9}
		{95CC663C-4604-45D2-A6AA-A868EC3C673A} = {162CD95D-48E2-4700-8D19-226267E633D9}
		{14982BD6-0562-4998-8E08-0BFD92373562} = {162CD95D-48E2-4700-8D19-226267E633D9}
	EndGlobalSection
	GlobalSection(ExtensibilityGlobals) = postSolution
		SolutionGuid = {F9475105-5079-479E-AF85-EC41E85E69A2}
	EndGlobalSection
EndGlobal
